// !$*UTF8*$!
{
	archiveVersion = 1;
	classes = {
	};
	objectVersion = 46;
	objects = {

/* Begin PBXBuildFile section */
		952DCE6D1A3A678B0000DCF5 /* main.m in Sources */ = {isa = PBXBuildFile; fileRef = 952DCE6C1A3A678B0000DCF5 /* main.m */; };
		952DCE701A3A678B0000DCF5 /* AppDelegate.m in Sources */ = {isa = PBXBuildFile; fileRef = 952DCE6F1A3A678B0000DCF5 /* AppDelegate.m */; };
		952DCE731A3A678B0000DCF5 /* FirstViewController.m in Sources */ = {isa = PBXBuildFile; fileRef = 952DCE721A3A678B0000DCF5 /* FirstViewController.m */; };
		952DCE761A3A678B0000DCF5 /* SecondViewController.m in Sources */ = {isa = PBXBuildFile; fileRef = 952DCE751A3A678B0000DCF5 /* SecondViewController.m */; };
		952DCE791A3A678B0000DCF5 /* Main.storyboard in Resources */ = {isa = PBXBuildFile; fileRef = 952DCE771A3A678B0000DCF5 /* Main.storyboard */; };
		952DCE7B1A3A678B0000DCF5 /* Images.xcassets in Resources */ = {isa = PBXBuildFile; fileRef = 952DCE7A1A3A678B0000DCF5 /* Images.xcassets */; };
		952DCE7E1A3A678B0000DCF5 /* LaunchScreen.xib in Resources */ = {isa = PBXBuildFile; fileRef = 952DCE7C1A3A678B0000DCF5 /* LaunchScreen.xib */; };
		952DCE8A1A3A678B0000DCF5 /* MyCongressTests.m in Sources */ = {isa = PBXBuildFile; fileRef = 952DCE891A3A678B0000DCF5 /* MyCongressTests.m */; };
		952DCE941A3A70980000DCF5 /* travis.yml in Resources */ = {isa = PBXBuildFile; fileRef = 952DCE931A3A70980000DCF5 /* travis.yml */; };
/* End PBXBuildFile section */

/* Begin PBXContainerItemProxy section */
		952DCE841A3A678B0000DCF5 /* PBXContainerItemProxy */ = {
			isa = PBXContainerItemProxy;
			containerPortal = 952DCE5F1A3A678B0000DCF5 /* Project object */;
			proxyType = 1;
			remoteGlobalIDString = 952DCE661A3A678B0000DCF5;
			remoteInfo = MyCongress;
		};
/* End PBXContainerItemProxy section */

/* Begin PBXFileReference section */
		952DCE671A3A678B0000DCF5 /* MyCongress.app */ = {isa = PBXFileReference; explicitFileType = wrapper.application; includeInIndex = 0; path = MyCongress.app; sourceTree = BUILT_PRODUCTS_DIR; };
		952DCE6B1A3A678B0000DCF5 /* Info.plist */ = {isa = PBXFileReference; lastKnownFileType = text.plist.xml; path = Info.plist; sourceTree = "<group>"; };
		952DCE6C1A3A678B0000DCF5 /* main.m */ = {isa = PBXFileReference; lastKnownFileType = sourcecode.c.objc; path = main.m; sourceTree = "<group>"; };
		952DCE6E1A3A678B0000DCF5 /* AppDelegate.h */ = {isa = PBXFileReference; lastKnownFileType = sourcecode.c.h; path = AppDelegate.h; sourceTree = "<group>"; };
		952DCE6F1A3A678B0000DCF5 /* AppDelegate.m */ = {isa = PBXFileReference; lastKnownFileType = sourcecode.c.objc; path = AppDelegate.m; sourceTree = "<group>"; };
		952DCE711A3A678B0000DCF5 /* FirstViewController.h */ = {isa = PBXFileReference; lastKnownFileType = sourcecode.c.h; path = FirstViewController.h; sourceTree = "<group>"; };
		952DCE721A3A678B0000DCF5 /* FirstViewController.m */ = {isa = PBXFileReference; lastKnownFileType = sourcecode.c.objc; path = FirstViewController.m; sourceTree = "<group>"; };
		952DCE741A3A678B0000DCF5 /* SecondViewController.h */ = {isa = PBXFileReference; lastKnownFileType = sourcecode.c.h; path = SecondViewController.h; sourceTree = "<group>"; };
		952DCE751A3A678B0000DCF5 /* SecondViewController.m */ = {isa = PBXFileReference; lastKnownFileType = sourcecode.c.objc; path = SecondViewController.m; sourceTree = "<group>"; };
		952DCE781A3A678B0000DCF5 /* Base */ = {isa = PBXFileReference; lastKnownFileType = file.storyboard; name = Base; path = Base.lproj/Main.storyboard; sourceTree = "<group>"; };
		952DCE7A1A3A678B0000DCF5 /* Images.xcassets */ = {isa = PBXFileReference; lastKnownFileType = folder.assetcatalog; path = Images.xcassets; sourceTree = "<group>"; };
		952DCE7D1A3A678B0000DCF5 /* Base */ = {isa = PBXFileReference; lastKnownFileType = file.xib; name = Base; path = Base.lproj/LaunchScreen.xib; sourceTree = "<group>"; };
		952DCE831A3A678B0000DCF5 /* MyCongressTests.xctest */ = {isa = PBXFileReference; explicitFileType = wrapper.cfbundle; includeInIndex = 0; path = MyCongressTests.xctest; sourceTree = BUILT_PRODUCTS_DIR; };
		952DCE881A3A678B0000DCF5 /* Info.plist */ = {isa = PBXFileReference; lastKnownFileType = text.plist.xml; path = Info.plist; sourceTree = "<group>"; };
		952DCE891A3A678B0000DCF5 /* MyCongressTests.m */ = {isa = PBXFileReference; lastKnownFileType = sourcecode.c.objc; path = MyCongressTests.m; sourceTree = "<group>"; };
		952DCE931A3A70980000DCF5 /* travis.yml */ = {isa = PBXFileReference; fileEncoding = 4; lastKnownFileType = text; path = travis.yml; sourceTree = "<group>"; };
/* End PBXFileReference section */

/* Begin PBXFrameworksBuildPhase section */
		952DCE641A3A678B0000DCF5 /* Frameworks */ = {
			isa = PBXFrameworksBuildPhase;
			buildActionMask = 2147483647;
			files = (
			);
			runOnlyForDeploymentPostprocessing = 0;
		};
		952DCE801A3A678B0000DCF5 /* Frameworks */ = {
			isa = PBXFrameworksBuildPhase;
			buildActionMask = 2147483647;
			files = (
			);
			runOnlyForDeploymentPostprocessing = 0;
		};
/* End PBXFrameworksBuildPhase section */

/* Begin PBXGroup section */
		952DCE5E1A3A678B0000DCF5 = {
			isa = PBXGroup;
			children = (
				952DCE691A3A678B0000DCF5 /* MyCongress */,
				952DCE861A3A678B0000DCF5 /* MyCongressTests */,
				952DCE681A3A678B0000DCF5 /* Products */,
			);
			sourceTree = "<group>";
		};
		952DCE681A3A678B0000DCF5 /* Products */ = {
			isa = PBXGroup;
			children = (
				952DCE671A3A678B0000DCF5 /* MyCongress.app */,
				952DCE831A3A678B0000DCF5 /* MyCongressTests.xctest */,
			);
			name = Products;
			sourceTree = "<group>";
		};
		952DCE691A3A678B0000DCF5 /* MyCongress */ = {
			isa = PBXGroup;
			children = (
				952DCE6E1A3A678B0000DCF5 /* AppDelegate.h */,
				952DCE6F1A3A678B0000DCF5 /* AppDelegate.m */,
				952DCE711A3A678B0000DCF5 /* FirstViewController.h */,
				952DCE721A3A678B0000DCF5 /* FirstViewController.m */,
				952DCE741A3A678B0000DCF5 /* SecondViewController.h */,
				952DCE751A3A678B0000DCF5 /* SecondViewController.m */,
				952DCE771A3A678B0000DCF5 /* Main.storyboard */,
				952DCE7A1A3A678B0000DCF5 /* Images.xcassets */,
				952DCE7C1A3A678B0000DCF5 /* LaunchScreen.xib */,
				952DCE6A1A3A678B0000DCF5 /* Supporting Files */,
				952DCE931A3A70980000DCF5 /* travis.yml */,
			);
			path = MyCongress;
			sourceTree = "<group>";
		};
		952DCE6A1A3A678B0000DCF5 /* Supporting Files */ = {
			isa = PBXGroup;
			children = (
				952DCE6B1A3A678B0000DCF5 /* Info.plist */,
				952DCE6C1A3A678B0000DCF5 /* main.m */,
			);
			name = "Supporting Files";
			sourceTree = "<group>";
		};
		952DCE861A3A678B0000DCF5 /* MyCongressTests */ = {
			isa = PBXGroup;
			children = (
				952DCE891A3A678B0000DCF5 /* MyCongressTests.m */,
				952DCE871A3A678B0000DCF5 /* Supporting Files */,
			);
			path = MyCongressTests;
			sourceTree = "<group>";
		};
		952DCE871A3A678B0000DCF5 /* Supporting Files */ = {
			isa = PBXGroup;
			children = (
				952DCE881A3A678B0000DCF5 /* Info.plist */,
			);
			name = "Supporting Files";
			sourceTree = "<group>";
		};
/* End PBXGroup section */

/* Begin PBXNativeTarget section */
		952DCE661A3A678B0000DCF5 /* MyCongress */ = {
			isa = PBXNativeTarget;
			buildConfigurationList = 952DCE8D1A3A678B0000DCF5 /* Build configuration list for PBXNativeTarget "MyCongress" */;
			buildPhases = (
				952DCE631A3A678B0000DCF5 /* Sources */,
				952DCE641A3A678B0000DCF5 /* Frameworks */,
				952DCE651A3A678B0000DCF5 /* Resources */,
			);
			buildRules = (
			);
			dependencies = (
			);
			name = MyCongress;
			productName = MyCongress;
			productReference = 952DCE671A3A678B0000DCF5 /* MyCongress.app */;
			productType = "com.apple.product-type.application";
		};
		952DCE821A3A678B0000DCF5 /* MyCongressTests */ = {
			isa = PBXNativeTarget;
			buildConfigurationList = 952DCE901A3A678B0000DCF5 /* Build configuration list for PBXNativeTarget "MyCongressTests" */;
			buildPhases = (
				952DCE7F1A3A678B0000DCF5 /* Sources */,
				952DCE801A3A678B0000DCF5 /* Frameworks */,
				952DCE811A3A678B0000DCF5 /* Resources */,
			);
			buildRules = (
			);
			dependencies = (
				952DCE851A3A678B0000DCF5 /* PBXTargetDependency */,
			);
			name = MyCongressTests;
			productName = MyCongressTests;
			productReference = 952DCE831A3A678B0000DCF5 /* MyCongressTests.xctest */;
			productType = "com.apple.product-type.bundle.unit-test";
		};
/* End PBXNativeTarget section */

/* Begin PBXProject section */
		952DCE5F1A3A678B0000DCF5 /* Project object */ = {
			isa = PBXProject;
			attributes = {
				LastUpgradeCheck = 0610;
				ORGANIZATIONNAME = HackReactor;
				TargetAttributes = {
					952DCE661A3A678B0000DCF5 = {
						CreatedOnToolsVersion = 6.1.1;
					};
					952DCE821A3A678B0000DCF5 = {
						CreatedOnToolsVersion = 6.1.1;
						TestTargetID = 952DCE661A3A678B0000DCF5;
					};
				};
			};
			buildConfigurationList = 952DCE621A3A678B0000DCF5 /* Build configuration list for PBXProject "MyCongress" */;
			compatibilityVersion = "Xcode 3.2";
			developmentRegion = English;
			hasScannedForEncodings = 0;
			knownRegions = (
				en,
				Base,
			);
			mainGroup = 952DCE5E1A3A678B0000DCF5;
			productRefGroup = 952DCE681A3A678B0000DCF5 /* Products */;
			projectDirPath = "";
			projectRoot = "";
			targets = (
				952DCE661A3A678B0000DCF5 /* MyCongress */,
				952DCE821A3A678B0000DCF5 /* MyCongressTests */,
			);
		};
/* End PBXProject section */

/* Begin PBXResourcesBuildPhase section */
		952DCE651A3A678B0000DCF5 /* Resources */ = {
			isa = PBXResourcesBuildPhase;
			buildActionMask = 2147483647;
			files = (
				952DCE791A3A678B0000DCF5 /* Main.storyboard in Resources */,
				952DCE7E1A3A678B0000DCF5 /* LaunchScreen.xib in Resources */,
				952DCE7B1A3A678B0000DCF5 /* Images.xcassets in Resources */,
				952DCE941A3A70980000DCF5 /* travis.yml in Resources */,
			);
			runOnlyForDeploymentPostprocessing = 0;
		};
		952DCE811A3A678B0000DCF5 /* Resources */ = {
			isa = PBXResourcesBuildPhase;
			buildActionMask = 2147483647;
			files = (
			);
			runOnlyForDeploymentPostprocessing = 0;
		};
/* End PBXResourcesBuildPhase section */

/* Begin PBXSourcesBuildPhase section */
		952DCE631A3A678B0000DCF5 /* Sources */ = {
			isa = PBXSourcesBuildPhase;
			buildActionMask = 2147483647;
			files = (
				952DCE761A3A678B0000DCF5 /* SecondViewController.m in Sources */,
				952DCE701A3A678B0000DCF5 /* AppDelegate.m in Sources */,
				952DCE731A3A678B0000DCF5 /* FirstViewController.m in Sources */,
				952DCE6D1A3A678B0000DCF5 /* main.m in Sources */,
			);
			runOnlyForDeploymentPostprocessing = 0;
		};
		952DCE7F1A3A678B0000DCF5 /* Sources */ = {
			isa = PBXSourcesBuildPhase;
			buildActionMask = 2147483647;
			files = (
				952DCE8A1A3A678B0000DCF5 /* MyCongressTests.m in Sources */,
			);
			runOnlyForDeploymentPostprocessing = 0;
		};
/* End PBXSourcesBuildPhase section */

/* Begin PBXTargetDependency section */
		952DCE851A3A678B0000DCF5 /* PBXTargetDependency */ = {
			isa = PBXTargetDependency;
			target = 952DCE661A3A678B0000DCF5 /* MyCongress */;
			targetProxy = 952DCE841A3A678B0000DCF5 /* PBXContainerItemProxy */;
		};
/* End PBXTargetDependency section */

/* Begin PBXVariantGroup section */
		952DCE771A3A678B0000DCF5 /* Main.storyboard */ = {
			isa = PBXVariantGroup;
			children = (
				952DCE781A3A678B0000DCF5 /* Base */,
			);
			name = Main.storyboard;
			sourceTree = "<group>";
		};
		952DCE7C1A3A678B0000DCF5 /* LaunchScreen.xib */ = {
			isa = PBXVariantGroup;
			children = (
				952DCE7D1A3A678B0000DCF5 /* Base */,
			);
			name = LaunchScreen.xib;
			sourceTree = "<group>";
		};
/* End PBXVariantGroup section */

/* Begin XCBuildConfiguration section */
		952DCE8B1A3A678B0000DCF5 /* Debug */ = {
			isa = XCBuildConfiguration;
			buildSettings = {
				ALWAYS_SEARCH_USER_PATHS = NO;
				CLANG_CXX_LANGUAGE_STANDARD = "gnu++0x";
				CLANG_CXX_LIBRARY = "libc++";
				CLANG_ENABLE_MODULES = YES;
				CLANG_ENABLE_OBJC_ARC = YES;
				CLANG_WARN_BOOL_CONVERSION = YES;
				CLANG_WARN_CONSTANT_CONVERSION = YES;
				CLANG_WARN_DIRECT_OBJC_ISA_USAGE = YES_ERROR;
				CLANG_WARN_EMPTY_BODY = YES;
				CLANG_WARN_ENUM_CONVERSION = YES;
				CLANG_WARN_INT_CONVERSION = YES;
				CLANG_WARN_OBJC_ROOT_CLASS = YES_ERROR;
				CLANG_WARN_UNREACHABLE_CODE = YES;
				CLANG_WARN__DUPLICATE_METHOD_MATCH = YES;
				"CODE_SIGN_IDENTITY[sdk=iphoneos*]" = "iPhone Developer";
				COPY_PHASE_STRIP = NO;
				ENABLE_STRICT_OBJC_MSGSEND = YES;
				GCC_C_LANGUAGE_STANDARD = gnu99;
				GCC_DYNAMIC_NO_PIC = NO;
				GCC_OPTIMIZATION_LEVEL = 0;
				GCC_PREPROCESSOR_DEFINITIONS = (
					"DEBUG=1",
					"$(inherited)",
				);
				GCC_SYMBOLS_PRIVATE_EXTERN = NO;
				GCC_WARN_64_TO_32_BIT_CONVERSION = YES;
				GCC_WARN_ABOUT_RETURN_TYPE = YES_ERROR;
				GCC_WARN_UNDECLARED_SELECTOR = YES;
				GCC_WARN_UNINITIALIZED_AUTOS = YES_AGGRESSIVE;
				GCC_WARN_UNUSED_FUNCTION = YES;
				GCC_WARN_UNUSED_VARIABLE = YES;
				IPHONEOS_DEPLOYMENT_TARGET = 8.1;
				MTL_ENABLE_DEBUG_INFO = YES;
				ONLY_ACTIVE_ARCH = YES;
				SDKROOT = iphoneos;
				TARGETED_DEVICE_FAMILY = "1,2";
			};
			name = Debug;
		};
		952DCE8C1A3A678B0000DCF5 /* Release */ = {
			isa = XCBuildConfiguration;
			buildSettings = {
				ALWAYS_SEARCH_USER_PATHS = NO;
				CLANG_CXX_LANGUAGE_STANDARD = "gnu++0x";
				CLANG_CXX_LIBRARY = "libc++";
				CLANG_ENABLE_MODULES = YES;
				CLANG_ENABLE_OBJC_ARC = YES;
				CLANG_WARN_BOOL_CONVERSION = YES;
				CLANG_WARN_CONSTANT_CONVERSION = YES;
				CLANG_WARN_DIRECT_OBJC_ISA_USAGE = YES_ERROR;
				CLANG_WARN_EMPTY_BODY = YES;
				CLANG_WARN_ENUM_CONVERSION = YES;
				CLANG_WARN_INT_CONVERSION = YES;
				CLANG_WARN_OBJC_ROOT_CLASS = YES_ERROR;
				CLANG_WARN_UNREACHABLE_CODE = YES;
				CLANG_WARN__DUPLICATE_METHOD_MATCH = YES;
				"CODE_SIGN_IDENTITY[sdk=iphoneos*]" = "iPhone Developer";
				COPY_PHASE_STRIP = YES;
				ENABLE_NS_ASSERTIONS = NO;
				ENABLE_STRICT_OBJC_MSGSEND = YES;
				GCC_C_LANGUAGE_STANDARD = gnu99;
				GCC_WARN_64_TO_32_BIT_CONVERSION = YES;
				GCC_WARN_ABOUT_RETURN_TYPE = YES_ERROR;
				GCC_WARN_UNDECLARED_SELECTOR = YES;
				GCC_WARN_UNINITIALIZED_AUTOS = YES_AGGRESSIVE;
				GCC_WARN_UNUSED_FUNCTION = YES;
				GCC_WARN_UNUSED_VARIABLE = YES;
				IPHONEOS_DEPLOYMENT_TARGET = 8.1;
				MTL_ENABLE_DEBUG_INFO = NO;
				SDKROOT = iphoneos;
				TARGETED_DEVICE_FAMILY = "1,2";
				VALIDATE_PRODUCT = YES;
			};
			name = Release;
		};
		952DCE8E1A3A678B0000DCF5 /* Debug */ = {
			isa = XCBuildConfiguration;
			buildSettings = {
				ASSETCATALOG_COMPILER_APPICON_NAME = AppIcon;
				INFOPLIST_FILE = MyCongress/Info.plist;
				LD_RUNPATH_SEARCH_PATHS = "$(inherited) @executable_path/Frameworks";
				PRODUCT_NAME = "$(TARGET_NAME)";
			};
			name = Debug;
		};
		952DCE8F1A3A678B0000DCF5 /* Release */ = {
			isa = XCBuildConfiguration;
			buildSettings = {
				ASSETCATALOG_COMPILER_APPICON_NAME = AppIcon;
				INFOPLIST_FILE = MyCongress/Info.plist;
				LD_RUNPATH_SEARCH_PATHS = "$(inherited) @executable_path/Frameworks";
				PRODUCT_NAME = "$(TARGET_NAME)";
			};
			name = Release;
		};
		952DCE911A3A678B0000DCF5 /* Debug */ = {
			isa = XCBuildConfiguration;
			buildSettings = {
				BUNDLE_LOADER = "$(TEST_HOST)";
				FRAMEWORK_SEARCH_PATHS = (
					"$(SDKROOT)/Developer/Library/Frameworks",
					"$(inherited)",
				);
				GCC_PREPROCESSOR_DEFINITIONS = (
					"DEBUG=1",
					"$(inherited)",
				);
				INFOPLIST_FILE = MyCongressTests/Info.plist;
				LD_RUNPATH_SEARCH_PATHS = "$(inherited) @executable_path/Frameworks @loader_path/Frameworks";
				PRODUCT_NAME = "$(TARGET_NAME)";
				TEST_HOST = "$(BUILT_PRODUCTS_DIR)/MyCongress.app/MyCongress";
			};
			name = Debug;
		};
		952DCE921A3A678B0000DCF5 /* Release */ = {
			isa = XCBuildConfiguration;
			buildSettings = {
				BUNDLE_LOADER = "$(TEST_HOST)";
				FRAMEWORK_SEARCH_PATHS = (
					"$(SDKROOT)/Developer/Library/Frameworks",
					"$(inherited)",
				);
				INFOPLIST_FILE = MyCongressTests/Info.plist;
				LD_RUNPATH_SEARCH_PATHS = "$(inherited) @executable_path/Frameworks @loader_path/Frameworks";
				PRODUCT_NAME = "$(TARGET_NAME)";
				TEST_HOST = "$(BUILT_PRODUCTS_DIR)/MyCongress.app/MyCongress";
			};
			name = Release;
		};
/* End XCBuildConfiguration section */

/* Begin XCConfigurationList section */
		952DCE621A3A678B0000DCF5 /* Build configuration list for PBXProject "MyCongress" */ = {
			isa = XCConfigurationList;
			buildConfigurations = (
				952DCE8B1A3A678B0000DCF5 /* Debug */,
				952DCE8C1A3A678B0000DCF5 /* Release */,
			);
			defaultConfigurationIsVisible = 0;
			defaultConfigurationName = Release;
		};
		952DCE8D1A3A678B0000DCF5 /* Build configuration list for PBXNativeTarget "MyCongress" */ = {
			isa = XCConfigurationList;
			buildConfigurations = (
				952DCE8E1A3A678B0000DCF5 /* Debug */,
				952DCE8F1A3A678B0000DCF5 /* Release */,
			);
			defaultConfigurationIsVisible = 0;
		};
		952DCE901A3A678B0000DCF5 /* Build configuration list for PBXNativeTarget "MyCongressTests" */ = {
			isa = XCConfigurationList;
			buildConfigurations = (
				952DCE911A3A678B0000DCF5 /* Debug */,
				952DCE921A3A678B0000DCF5 /* Release */,
			);
			defaultConfigurationIsVisible = 0;
		};
/* End XCConfigurationList section */
	};
	rootObject = 952DCE5F1A3A678B0000DCF5 /* Project object */;
}
